
Microsoft Visual Studio Solution File, Format Version 12.00
# Visual Studio Version 16
VisualStudioVersion = 16.0.29926.136
MinimumVisualStudioVersion = 10.0.40219.1
Project("{FAE04EC0-301F-11D3-BF4B-00C04F79EFBC}") = "TestYAML", "TestYAML\TestYAML.csproj", "{FDD9316F-9BE1-45CC-BDBA-E021F11E70A3}"
EndProject
Project("{151D2E53-A2C4-4D7D-83FE-D05416EBD58E}") = "AzureResourceGroup", "AzureResourceGroup\AzureResourceGroup.deployproj", "{79BF2FEB-5B88-4A2A-B7C1-67338E23CDF0}"
EndProject
Global
	GlobalSection(SolutionConfigurationPlatforms) = preSolution
		Debug|Any CPU = Debug|Any CPU
		Release|Any CPU = Release|Any CPU
	EndGlobalSection
	GlobalSection(ProjectConfigurationPlatforms) = postSolution
		{FDD9316F-9BE1-45CC-BDBA-E021F11E70A3}.Debug|Any CPU.ActiveCfg = Debug|Any CPU
		{FDD9316F-9BE1-45CC-BDBA-E021F11E70A3}.Debug|Any CPU.Build.0 = Debug|Any CPU
		{FDD9316F-9BE1-45CC-BDBA-E021F11E70A3}.Release|Any CPU.ActiveCfg = Release|Any CPU
		{FDD9316F-9BE1-45CC-BDBA-E021F11E70A3}.Release|Any CPU.Build.0 = Release|Any CPU
		{79BF2FEB-5B88-4A2A-B7C1-67338E23CDF0}.Debug|Any CPU.ActiveCfg = Debug|Any CPU
		{79BF2FEB-5B88-4A2A-B7C1-67338E23CDF0}.Debug|Any CPU.Build.0 = Debug|Any CPU
		{79BF2FEB-5B88-4A2A-B7C1-67338E23CDF0}.Release|Any CPU.ActiveCfg = Release|Any CPU
		{79BF2FEB-5B88-4A2A-B7C1-67338E23CDF0}.Release|Any CPU.Build.0 = Release|Any CPU
	EndGlobalSection
	GlobalSection(SolutionProperties) = preSolution
		HideSolutionNode = FALSE
	EndGlobalSection
	GlobalSection(ExtensibilityGlobals) = postSolution
		SolutionGuid = {4F68F64F-D0DA-417E-8AE6-B58EEA3269FC}
	EndGlobalSection
EndGlobal
